// !$*UTF8*$!
{
	archiveVersion = 1;
	classes = {
	};
	objectVersion = 50;
	objects = {

/* Begin PBXBuildFile section */
		E46E087024AD7A5200843DE2 /* AppDelegate.swift in Sources */ = {isa = PBXBuildFile; fileRef = E46E086F24AD7A5200843DE2 /* AppDelegate.swift */; };
		E46E087424AD7A5200843DE2 /* ViewController.swift in Sources */ = {isa = PBXBuildFile; fileRef = E46E087324AD7A5200843DE2 /* ViewController.swift */; };
		E46E087724AD7A5200843DE2 /* Main.storyboard in Resources */ = {isa = PBXBuildFile; fileRef = E46E087524AD7A5200843DE2 /* Main.storyboard */; };
		E46E087924AD7A5400843DE2 /* Assets.xcassets in Resources */ = {isa = PBXBuildFile; fileRef = E46E087824AD7A5400843DE2 /* Assets.xcassets */; };
		E46E087C24AD7A5400843DE2 /* LaunchScreen.storyboard in Resources */ = {isa = PBXBuildFile; fileRef = E46E087A24AD7A5400843DE2 /* LaunchScreen.storyboard */; };
		E46E088524AD7A8300843DE2 /* HDCommonToolsSwift.swift in Sources */ = {isa = PBXBuildFile; fileRef = E46E088424AD7A8300843DE2 /* HDCommonToolsSwift.swift */; };
		E46E088724AD7C2300843DE2 /* HDCommonToolsSwift+UI.swift in Sources */ = {isa = PBXBuildFile; fileRef = E46E088624AD7C2300843DE2 /* HDCommonToolsSwift+UI.swift */; };
		E478199324B6E6A300FA416C /* UIColor+hd.swift in Sources */ = {isa = PBXBuildFile; fileRef = E478199224B6E6A300FA416C /* UIColor+hd.swift */; };
		E4C3CD9D24AF158D007D7A07 /* HDCommonToolsSwift+system.swift in Sources */ = {isa = PBXBuildFile; fileRef = E4C3CD9C24AF158D007D7A07 /* HDCommonToolsSwift+system.swift */; };
		E4C3CDA024AF2812007D7A07 /* HDNameSpace.swift in Sources */ = {isa = PBXBuildFile; fileRef = E4C3CD9F24AF2812007D7A07 /* HDNameSpace.swift */; };
		E4C3CDA224AF2954007D7A07 /* String+hd.swift in Sources */ = {isa = PBXBuildFile; fileRef = E4C3CDA124AF2954007D7A07 /* String+hd.swift */; };
		E4C3CDA424AF30C0007D7A07 /* Date+hd.swift in Sources */ = {isa = PBXBuildFile; fileRef = E4C3CDA324AF30C0007D7A07 /* Date+hd.swift */; };
		E4EF66BD24B9D43500EBB408 /* UIImage+hd.swift in Sources */ = {isa = PBXBuildFile; fileRef = E4EF66BC24B9D43500EBB408 /* UIImage+hd.swift */; };
		E4EF66BF24B9E05400EBB408 /* 1594468497552.mp4 in Resources */ = {isa = PBXBuildFile; fileRef = E4EF66BE24B9E05400EBB408 /* 1594468497552.mp4 */; };
		E4FE596F24AF714100352695 /* HDCommonToolsSwift+permission.swift in Sources */ = {isa = PBXBuildFile; fileRef = E4FE596E24AF714100352695 /* HDCommonToolsSwift+permission.swift */; };
		E4FE597124AF8DA300352695 /* HDCommonToolsSwift+media.swift in Sources */ = {isa = PBXBuildFile; fileRef = E4FE597024AF8DA300352695 /* HDCommonToolsSwift+media.swift */; };
		E4FE597324B00E5E00352695 /* HDCommonToolsSwift+file.swift in Sources */ = {isa = PBXBuildFile; fileRef = E4FE597224B00E5E00352695 /* HDCommonToolsSwift+file.swift */; };
		E4FE597524B0603E00352695 /* music.mp3 in Resources */ = {isa = PBXBuildFile; fileRef = E4FE597424B0603E00352695 /* music.mp3 */; };
		E4FE597724B0605300352695 /* click.caf in Resources */ = {isa = PBXBuildFile; fileRef = E4FE597624B0605300352695 /* click.caf */; };
		E4FE597924B0647500352695 /* 空谷.wav in Resources */ = {isa = PBXBuildFile; fileRef = E4FE597824B0647500352695 /* 空谷.wav */; };
		E4FE598624B1CEA300352695 /* UIView+hd.swift in Sources */ = {isa = PBXBuildFile; fileRef = E4FE598524B1CEA300352695 /* UIView+hd.swift */; };
/* End PBXBuildFile section */

/* Begin PBXFileReference section */
		E46E086C24AD7A5200843DE2 /* HDCommonToolsSwift.app */ = {isa = PBXFileReference; explicitFileType = wrapper.application; includeInIndex = 0; path = HDCommonToolsSwift.app; sourceTree = BUILT_PRODUCTS_DIR; };
		E46E086F24AD7A5200843DE2 /* AppDelegate.swift */ = {isa = PBXFileReference; lastKnownFileType = sourcecode.swift; path = AppDelegate.swift; sourceTree = "<group>"; };
		E46E087324AD7A5200843DE2 /* ViewController.swift */ = {isa = PBXFileReference; lastKnownFileType = sourcecode.swift; path = ViewController.swift; sourceTree = "<group>"; };
		E46E087624AD7A5200843DE2 /* Base */ = {isa = PBXFileReference; lastKnownFileType = file.storyboard; name = Base; path = Base.lproj/Main.storyboard; sourceTree = "<group>"; };
		E46E087824AD7A5400843DE2 /* Assets.xcassets */ = {isa = PBXFileReference; lastKnownFileType = folder.assetcatalog; path = Assets.xcassets; sourceTree = "<group>"; };
		E46E087B24AD7A5400843DE2 /* Base */ = {isa = PBXFileReference; lastKnownFileType = file.storyboard; name = Base; path = Base.lproj/LaunchScreen.storyboard; sourceTree = "<group>"; };
		E46E087D24AD7A5400843DE2 /* Info.plist */ = {isa = PBXFileReference; lastKnownFileType = text.plist.xml; path = Info.plist; sourceTree = "<group>"; };
		E46E088424AD7A8300843DE2 /* HDCommonToolsSwift.swift */ = {isa = PBXFileReference; lastKnownFileType = sourcecode.swift; path = HDCommonToolsSwift.swift; sourceTree = "<group>"; };
		E46E088624AD7C2300843DE2 /* HDCommonToolsSwift+UI.swift */ = {isa = PBXFileReference; lastKnownFileType = sourcecode.swift; path = "HDCommonToolsSwift+UI.swift"; sourceTree = "<group>"; };
		E478199224B6E6A300FA416C /* UIColor+hd.swift */ = {isa = PBXFileReference; lastKnownFileType = sourcecode.swift; path = "UIColor+hd.swift"; sourceTree = "<group>"; };
		E4C3CD9C24AF158D007D7A07 /* HDCommonToolsSwift+system.swift */ = {isa = PBXFileReference; lastKnownFileType = sourcecode.swift; path = "HDCommonToolsSwift+system.swift"; sourceTree = "<group>"; };
		E4C3CD9F24AF2812007D7A07 /* HDNameSpace.swift */ = {isa = PBXFileReference; lastKnownFileType = sourcecode.swift; path = HDNameSpace.swift; sourceTree = "<group>"; };
		E4C3CDA124AF2954007D7A07 /* String+hd.swift */ = {isa = PBXFileReference; lastKnownFileType = sourcecode.swift; path = "String+hd.swift"; sourceTree = "<group>"; };
		E4C3CDA324AF30C0007D7A07 /* Date+hd.swift */ = {isa = PBXFileReference; lastKnownFileType = sourcecode.swift; path = "Date+hd.swift"; sourceTree = "<group>"; };
		E4EF66BC24B9D43500EBB408 /* UIImage+hd.swift */ = {isa = PBXFileReference; lastKnownFileType = sourcecode.swift; path = "UIImage+hd.swift"; sourceTree = "<group>"; };
		E4EF66BE24B9E05400EBB408 /* 1594468497552.mp4 */ = {isa = PBXFileReference; lastKnownFileType = file; path = 1594468497552.mp4; sourceTree = "<group>"; };
		E4FE596E24AF714100352695 /* HDCommonToolsSwift+permission.swift */ = {isa = PBXFileReference; lastKnownFileType = sourcecode.swift; path = "HDCommonToolsSwift+permission.swift"; sourceTree = "<group>"; };
		E4FE597024AF8DA300352695 /* HDCommonToolsSwift+media.swift */ = {isa = PBXFileReference; lastKnownFileType = sourcecode.swift; path = "HDCommonToolsSwift+media.swift"; sourceTree = "<group>"; };
		E4FE597224B00E5E00352695 /* HDCommonToolsSwift+file.swift */ = {isa = PBXFileReference; lastKnownFileType = sourcecode.swift; path = "HDCommonToolsSwift+file.swift"; sourceTree = "<group>"; };
		E4FE597424B0603E00352695 /* music.mp3 */ = {isa = PBXFileReference; lastKnownFileType = audio.mp3; path = music.mp3; sourceTree = "<group>"; };
		E4FE597624B0605300352695 /* click.caf */ = {isa = PBXFileReference; lastKnownFileType = file; path = click.caf; sourceTree = "<group>"; };
		E4FE597824B0647500352695 /* 空谷.wav */ = {isa = PBXFileReference; lastKnownFileType = audio.wav; path = "空谷.wav"; sourceTree = "<group>"; };
		E4FE598524B1CEA300352695 /* UIView+hd.swift */ = {isa = PBXFileReference; lastKnownFileType = sourcecode.swift; path = "UIView+hd.swift"; sourceTree = "<group>"; };
/* End PBXFileReference section */

/* Begin PBXFrameworksBuildPhase section */
		E46E086924AD7A5200843DE2 /* Frameworks */ = {
			isa = PBXFrameworksBuildPhase;
			buildActionMask = 2147483647;
			files = (
			);
			runOnlyForDeploymentPostprocessing = 0;
		};
/* End PBXFrameworksBuildPhase section */

/* Begin PBXGroup section */
		E46E086324AD7A5200843DE2 = {
			isa = PBXGroup;
			children = (
				E46E086E24AD7A5200843DE2 /* HDCommonToolsSwift */,
				E46E086D24AD7A5200843DE2 /* Products */,
			);
			sourceTree = "<group>";
		};
		E46E086D24AD7A5200843DE2 /* Products */ = {
			isa = PBXGroup;
			children = (
				E46E086C24AD7A5200843DE2 /* HDCommonToolsSwift.app */,
			);
			name = Products;
			sourceTree = "<group>";
		};
		E46E086E24AD7A5200843DE2 /* HDCommonToolsSwift */ = {
			isa = PBXGroup;
			children = (
				E46E088324AD7A6200843DE2 /* HDCommonToolsSwift */,
				E46E086F24AD7A5200843DE2 /* AppDelegate.swift */,
				E46E087324AD7A5200843DE2 /* ViewController.swift */,
				E4FE597424B0603E00352695 /* music.mp3 */,
				E4EF66BE24B9E05400EBB408 /* 1594468497552.mp4 */,
				E4FE597824B0647500352695 /* 空谷.wav */,
				E4FE597624B0605300352695 /* click.caf */,
				E46E087524AD7A5200843DE2 /* Main.storyboard */,
				E46E087824AD7A5400843DE2 /* Assets.xcassets */,
				E46E087A24AD7A5400843DE2 /* LaunchScreen.storyboard */,
				E46E087D24AD7A5400843DE2 /* Info.plist */,
			);
			path = HDCommonToolsSwift;
			sourceTree = "<group>";
		};
		E46E088324AD7A6200843DE2 /* HDCommonToolsSwift */ = {
			isa = PBXGroup;
			children = (
				E4C3CD9E24AF27C2007D7A07 /* extend */,
				E46E088424AD7A8300843DE2 /* HDCommonToolsSwift.swift */,
				E46E088624AD7C2300843DE2 /* HDCommonToolsSwift+UI.swift */,
				E4C3CD9C24AF158D007D7A07 /* HDCommonToolsSwift+system.swift */,
				E4FE596E24AF714100352695 /* HDCommonToolsSwift+permission.swift */,
				E4FE597024AF8DA300352695 /* HDCommonToolsSwift+media.swift */,
				E4FE597224B00E5E00352695 /* HDCommonToolsSwift+file.swift */,
			);
			path = HDCommonToolsSwift;
			sourceTree = "<group>";
		};
		E4C3CD9E24AF27C2007D7A07 /* extend */ = {
			isa = PBXGroup;
			children = (
				E4C3CD9F24AF2812007D7A07 /* HDNameSpace.swift */,
				E4C3CDA124AF2954007D7A07 /* String+hd.swift */,
				E4C3CDA324AF30C0007D7A07 /* Date+hd.swift */,
				E4FE598524B1CEA300352695 /* UIView+hd.swift */,
				E478199224B6E6A300FA416C /* UIColor+hd.swift */,
				E4EF66BC24B9D43500EBB408 /* UIImage+hd.swift */,
			);
			path = extend;
			sourceTree = "<group>";
		};
/* End PBXGroup section */

/* Begin PBXNativeTarget section */
		E46E086B24AD7A5200843DE2 /* HDCommonToolsSwift */ = {
			isa = PBXNativeTarget;
			buildConfigurationList = E46E088024AD7A5400843DE2 /* Build configuration list for PBXNativeTarget "HDCommonToolsSwift" */;
			buildPhases = (
				E46E086824AD7A5200843DE2 /* Sources */,
				E46E086924AD7A5200843DE2 /* Frameworks */,
				E46E086A24AD7A5200843DE2 /* Resources */,
			);
			buildRules = (
			);
			dependencies = (
			);
			name = HDCommonToolsSwift;
			productName = HDSwiftCommonTools;
			productReference = E46E086C24AD7A5200843DE2 /* HDCommonToolsSwift.app */;
			productType = "com.apple.product-type.application";
		};
/* End PBXNativeTarget section */

/* Begin PBXProject section */
		E46E086424AD7A5200843DE2 /* Project object */ = {
			isa = PBXProject;
			attributes = {
				LastSwiftUpdateCheck = 1150;
				LastUpgradeCheck = 1150;
				ORGANIZATIONNAME = Damon;
				TargetAttributes = {
					E46E086B24AD7A5200843DE2 = {
						CreatedOnToolsVersion = 11.5;
					};
				};
			};
			buildConfigurationList = E46E086724AD7A5200843DE2 /* Build configuration list for PBXProject "HDCommonToolsSwift" */;
			compatibilityVersion = "Xcode 9.3";
			developmentRegion = en;
			hasScannedForEncodings = 0;
			knownRegions = (
				en,
				Base,
			);
			mainGroup = E46E086324AD7A5200843DE2;
			productRefGroup = E46E086D24AD7A5200843DE2 /* Products */;
			projectDirPath = "";
			projectRoot = "";
			targets = (
				E46E086B24AD7A5200843DE2 /* HDCommonToolsSwift */,
			);
		};
/* End PBXProject section */

/* Begin PBXResourcesBuildPhase section */
		E46E086A24AD7A5200843DE2 /* Resources */ = {
			isa = PBXResourcesBuildPhase;
			buildActionMask = 2147483647;
			files = (
				E4FE597524B0603E00352695 /* music.mp3 in Resources */,
				E4FE597924B0647500352695 /* 空谷.wav in Resources */,
				E46E087C24AD7A5400843DE2 /* LaunchScreen.storyboard in Resources */,
				E46E087924AD7A5400843DE2 /* Assets.xcassets in Resources */,
				E46E087724AD7A5200843DE2 /* Main.storyboard in Resources */,
				E4EF66BF24B9E05400EBB408 /* 1594468497552.mp4 in Resources */,
				E4FE597724B0605300352695 /* click.caf in Resources */,
			);
			runOnlyForDeploymentPostprocessing = 0;
		};
/* End PBXResourcesBuildPhase section */

/* Begin PBXSourcesBuildPhase section */
		E46E086824AD7A5200843DE2 /* Sources */ = {
			isa = PBXSourcesBuildPhase;
			buildActionMask = 2147483647;
			files = (
				E4C3CDA224AF2954007D7A07 /* String+hd.swift in Sources */,
				E46E088524AD7A8300843DE2 /* HDCommonToolsSwift.swift in Sources */,
				E4C3CD9D24AF158D007D7A07 /* HDCommonToolsSwift+system.swift in Sources */,
				E4FE597324B00E5E00352695 /* HDCommonToolsSwift+file.swift in Sources */,
				E4C3CDA424AF30C0007D7A07 /* Date+hd.swift in Sources */,
				E46E088724AD7C2300843DE2 /* HDCommonToolsSwift+UI.swift in Sources */,
				E4FE597124AF8DA300352695 /* HDCommonToolsSwift+media.swift in Sources */,
				E4EF66BD24B9D43500EBB408 /* UIImage+hd.swift in Sources */,
				E4C3CDA024AF2812007D7A07 /* HDNameSpace.swift in Sources */,
				E4FE596F24AF714100352695 /* HDCommonToolsSwift+permission.swift in Sources */,
				E46E087424AD7A5200843DE2 /* ViewController.swift in Sources */,
				E4FE598624B1CEA300352695 /* UIView+hd.swift in Sources */,
				E478199324B6E6A300FA416C /* UIColor+hd.swift in Sources */,
				E46E087024AD7A5200843DE2 /* AppDelegate.swift in Sources */,
			);
			runOnlyForDeploymentPostprocessing = 0;
		};
/* End PBXSourcesBuildPhase section */

/* Begin PBXVariantGroup section */
		E46E087524AD7A5200843DE2 /* Main.storyboard */ = {
			isa = PBXVariantGroup;
			children = (
				E46E087624AD7A5200843DE2 /* Base */,
			);
			name = Main.storyboard;
			sourceTree = "<group>";
		};
		E46E087A24AD7A5400843DE2 /* LaunchScreen.storyboard */ = {
			isa = PBXVariantGroup;
			children = (
				E46E087B24AD7A5400843DE2 /* Base */,
			);
			name = LaunchScreen.storyboard;
			sourceTree = "<group>";
		};
/* End PBXVariantGroup section */

/* Begin XCBuildConfiguration section */
		E46E087E24AD7A5400843DE2 /* Debug */ = {
			isa = XCBuildConfiguration;
			buildSettings = {
				ALWAYS_SEARCH_USER_PATHS = NO;
				CLANG_ANALYZER_NONNULL = YES;
				CLANG_ANALYZER_NUMBER_OBJECT_CONVERSION = YES_AGGRESSIVE;
				CLANG_CXX_LANGUAGE_STANDARD = "gnu++14";
				CLANG_CXX_LIBRARY = "libc++";
				CLANG_ENABLE_MODULES = YES;
				CLANG_ENABLE_OBJC_ARC = YES;
				CLANG_ENABLE_OBJC_WEAK = YES;
				CLANG_WARN_BLOCK_CAPTURE_AUTORELEASING = YES;
				CLANG_WARN_BOOL_CONVERSION = YES;
				CLANG_WARN_COMMA = YES;
				CLANG_WARN_CONSTANT_CONVERSION = YES;
				CLANG_WARN_DEPRECATED_OBJC_IMPLEMENTATIONS = YES;
				CLANG_WARN_DIRECT_OBJC_ISA_USAGE = YES_ERROR;
				CLANG_WARN_DOCUMENTATION_COMMENTS = YES;
				CLANG_WARN_EMPTY_BODY = YES;
				CLANG_WARN_ENUM_CONVERSION = YES;
				CLANG_WARN_INFINITE_RECURSION = YES;
				CLANG_WARN_INT_CONVERSION = YES;
				CLANG_WARN_NON_LITERAL_NULL_CONVERSION = YES;
				CLANG_WARN_OBJC_IMPLICIT_RETAIN_SELF = YES;
				CLANG_WARN_OBJC_LITERAL_CONVERSION = YES;
				CLANG_WARN_OBJC_ROOT_CLASS = YES_ERROR;
				CLANG_WARN_RANGE_LOOP_ANALYSIS = YES;
				CLANG_WARN_STRICT_PROTOTYPES = YES;
				CLANG_WARN_SUSPICIOUS_MOVE = YES;
				CLANG_WARN_UNGUARDED_AVAILABILITY = YES_AGGRESSIVE;
				CLANG_WARN_UNREACHABLE_CODE = YES;
				CLANG_WARN__DUPLICATE_METHOD_MATCH = YES;
				COPY_PHASE_STRIP = NO;
				DEBUG_INFORMATION_FORMAT = dwarf;
				ENABLE_STRICT_OBJC_MSGSEND = YES;
				ENABLE_TESTABILITY = YES;
				GCC_C_LANGUAGE_STANDARD = gnu11;
				GCC_DYNAMIC_NO_PIC = NO;
				GCC_NO_COMMON_BLOCKS = YES;
				GCC_OPTIMIZATION_LEVEL = 0;
				GCC_PREPROCESSOR_DEFINITIONS = (
					"DEBUG=1",
					"$(inherited)",
				);
				GCC_WARN_64_TO_32_BIT_CONVERSION = YES;
				GCC_WARN_ABOUT_RETURN_TYPE = YES_ERROR;
				GCC_WARN_UNDECLARED_SELECTOR = YES;
				GCC_WARN_UNINITIALIZED_AUTOS = YES_AGGRESSIVE;
				GCC_WARN_UNUSED_FUNCTION = YES;
				GCC_WARN_UNUSED_VARIABLE = YES;
				IPHONEOS_DEPLOYMENT_TARGET = 13.5;
				MTL_ENABLE_DEBUG_INFO = INCLUDE_SOURCE;
				MTL_FAST_MATH = YES;
				ONLY_ACTIVE_ARCH = YES;
				SDKROOT = iphoneos;
				SWIFT_ACTIVE_COMPILATION_CONDITIONS = DEBUG;
				SWIFT_OPTIMIZATION_LEVEL = "-Onone";
			};
			name = Debug;
		};
		E46E087F24AD7A5400843DE2 /* Release */ = {
			isa = XCBuildConfiguration;
			buildSettings = {
				ALWAYS_SEARCH_USER_PATHS = NO;
				CLANG_ANALYZER_NONNULL = YES;
				CLANG_ANALYZER_NUMBER_OBJECT_CONVERSION = YES_AGGRESSIVE;
				CLANG_CXX_LANGUAGE_STANDARD = "gnu++14";
				CLANG_CXX_LIBRARY = "libc++";
				CLANG_ENABLE_MODULES = YES;
				CLANG_ENABLE_OBJC_ARC = YES;
				CLANG_ENABLE_OBJC_WEAK = YES;
				CLANG_WARN_BLOCK_CAPTURE_AUTORELEASING = YES;
				CLANG_WARN_BOOL_CONVERSION = YES;
				CLANG_WARN_COMMA = YES;
				CLANG_WARN_CONSTANT_CONVERSION = YES;
				CLANG_WARN_DEPRECATED_OBJC_IMPLEMENTATIONS = YES;
				CLANG_WARN_DIRECT_OBJC_ISA_USAGE = YES_ERROR;
				CLANG_WARN_DOCUMENTATION_COMMENTS = YES;
				CLANG_WARN_EMPTY_BODY = YES;
				CLANG_WARN_ENUM_CONVERSION = YES;
				CLANG_WARN_INFINITE_RECURSION = YES;
				CLANG_WARN_INT_CONVERSION = YES;
				CLANG_WARN_NON_LITERAL_NULL_CONVERSION = YES;
				CLANG_WARN_OBJC_IMPLICIT_RETAIN_SELF = YES;
				CLANG_WARN_OBJC_LITERAL_CONVERSION = YES;
				CLANG_WARN_OBJC_ROOT_CLASS = YES_ERROR;
				CLANG_WARN_RANGE_LOOP_ANALYSIS = YES;
				CLANG_WARN_STRICT_PROTOTYPES = YES;
				CLANG_WARN_SUSPICIOUS_MOVE = YES;
				CLANG_WARN_UNGUARDED_AVAILABILITY = YES_AGGRESSIVE;
				CLANG_WARN_UNREACHABLE_CODE = YES;
				CLANG_WARN__DUPLICATE_METHOD_MATCH = YES;
				COPY_PHASE_STRIP = NO;
				DEBUG_INFORMATION_FORMAT = "dwarf-with-dsym";
				ENABLE_NS_ASSERTIONS = NO;
				ENABLE_STRICT_OBJC_MSGSEND = YES;
				GCC_C_LANGUAGE_STANDARD = gnu11;
				GCC_NO_COMMON_BLOCKS = YES;
				GCC_WARN_64_TO_32_BIT_CONVERSION = YES;
				GCC_WARN_ABOUT_RETURN_TYPE = YES_ERROR;
				GCC_WARN_UNDECLARED_SELECTOR = YES;
				GCC_WARN_UNINITIALIZED_AUTOS = YES_AGGRESSIVE;
				GCC_WARN_UNUSED_FUNCTION = YES;
				GCC_WARN_UNUSED_VARIABLE = YES;
				IPHONEOS_DEPLOYMENT_TARGET = 13.5;
				MTL_ENABLE_DEBUG_INFO = NO;
				MTL_FAST_MATH = YES;
				SDKROOT = iphoneos;
				SWIFT_COMPILATION_MODE = wholemodule;
				SWIFT_OPTIMIZATION_LEVEL = "-O";
				VALIDATE_PRODUCT = YES;
			};
			name = Release;
		};
		E46E088124AD7A5400843DE2 /* Debug */ = {
			isa = XCBuildConfiguration;
			buildSettings = {
				ASSETCATALOG_COMPILER_APPICON_NAME = AppIcon;
				CODE_SIGN_IDENTITY = "Apple Development";
				CODE_SIGN_STYLE = Automatic;
				DEVELOPMENT_TEAM = 5M4924XW7Y;
				INFOPLIST_FILE = HDCommonToolsSwift/Info.plist;
				IPHONEOS_DEPLOYMENT_TARGET = 10.0;
				LD_RUNPATH_SEARCH_PATHS = (
					"$(inherited)",
					"@executable_path/Frameworks",
				);
				PRODUCT_BUNDLE_IDENTIFIER = com.lazypig.HDCommonToolsSwift;
				PRODUCT_NAME = "$(TARGET_NAME)";
				PROVISIONING_PROFILE_SPECIFIER = "";
				SWIFT_VERSION = 5.0;
				TARGETED_DEVICE_FAMILY = "1,2";
			};
			name = Debug;
		};
		E46E088224AD7A5400843DE2 /* Release */ = {
			isa = XCBuildConfiguration;
			buildSettings = {
				ASSETCATALOG_COMPILER_APPICON_NAME = AppIcon;
				CODE_SIGN_IDENTITY = "Apple Development";
				CODE_SIGN_STYLE = Automatic;
				DEVELOPMENT_TEAM = 5M4924XW7Y;
				INFOPLIST_FILE = HDCommonToolsSwift/Info.plist;
				IPHONEOS_DEPLOYMENT_TARGET = 10.0;
				LD_RUNPATH_SEARCH_PATHS = (
					"$(inherited)",
					"@executable_path/Frameworks",
				);
				PRODUCT_BUNDLE_IDENTIFIER = com.lazypig.HDCommonToolsSwift;
				PRODUCT_NAME = "$(TARGET_NAME)";
				PROVISIONING_PROFILE_SPECIFIER = "";
				SWIFT_VERSION = 5.0;
				TARGETED_DEVICE_FAMILY = "1,2";
			};
			name = Release;
		};
/* End XCBuildConfiguration section */

/* Begin XCConfigurationList section */
		E46E086724AD7A5200843DE2 /* Build configuration list for PBXProject "HDCommonToolsSwift" */ = {
			isa = XCConfigurationList;
			buildConfigurations = (
				E46E087E24AD7A5400843DE2 /* Debug */,
				E46E087F24AD7A5400843DE2 /* Release */,
			);
			defaultConfigurationIsVisible = 0;
			defaultConfigurationName = Release;
		};
		E46E088024AD7A5400843DE2 /* Build configuration list for PBXNativeTarget "HDCommonToolsSwift" */ = {
			isa = XCConfigurationList;
			buildConfigurations = (
				E46E088124AD7A5400843DE2 /* Debug */,
				E46E088224AD7A5400843DE2 /* Release */,
			);
			defaultConfigurationIsVisible = 0;
			defaultConfigurationName = Release;
		};
/* End XCConfigurationList section */
	};
	rootObject = E46E086424AD7A5200843DE2 /* Project object */;
}
