// !$*UTF8*$!
{
	archiveVersion = 1;
	classes = {
	};
	objectVersion = 50;
	objects = {

/* Begin PBXBuildFile section */
		E46E087024AD7A5200843DE2 /* AppDelegate.swift in Sources */ = {isa = PBXBuildFile; fileRef = E46E086F24AD7A5200843DE2 /* AppDelegate.swift */; };
		E46E087424AD7A5200843DE2 /* ViewController.swift in Sources */ = {isa = PBXBuildFile; fileRef = E46E087324AD7A5200843DE2 /* ViewController.swift */; };
		E46E087724AD7A5200843DE2 /* Main.storyboard in Resources */ = {isa = PBXBuildFile; fileRef = E46E087524AD7A5200843DE2 /* Main.storyboard */; };
		E46E087924AD7A5400843DE2 /* Assets.xcassets in Resources */ = {isa = PBXBuildFile; fileRef = E46E087824AD7A5400843DE2 /* Assets.xcassets */; };
		E46E087C24AD7A5400843DE2 /* LaunchScreen.storyboard in Resources */ = {isa = PBXBuildFile; fileRef = E46E087A24AD7A5400843DE2 /* LaunchScreen.storyboard */; };
		E4D1606726E219940040765D /* TestModel.swift in Sources */ = {isa = PBXBuildFile; fileRef = E4D1606626E219940040765D /* TestModel.swift */; };
		E4D873D22CBD093D00B9422A /* UIView+zx.swift in Sources */ = {isa = PBXBuildFile; fileRef = E4D873C52CBD093D00B9422A /* UIView+zx.swift */; };
		E4D873D32CBD093D00B9422A /* UIImage+zx.swift in Sources */ = {isa = PBXBuildFile; fileRef = E4D873C42CBD093D00B9422A /* UIImage+zx.swift */; };
		E4D873D42CBD093D00B9422A /* Date+zx.swift in Sources */ = {isa = PBXBuildFile; fileRef = E4D873C82CBD093D00B9422A /* Date+zx.swift */; };
		E4D873D52CBD093D00B9422A /* DDUtils+permission.swift in Sources */ = {isa = PBXBuildFile; fileRef = E4D873BE2CBD093D00B9422A /* DDUtils+permission.swift */; };
		E4D873D62CBD093D00B9422A /* DDUtils+media.swift in Sources */ = {isa = PBXBuildFile; fileRef = E4D873CA2CBD093D00B9422A /* DDUtils+media.swift */; };
		E4D873D72CBD093D00B9422A /* UIColor+zx.swift in Sources */ = {isa = PBXBuildFile; fileRef = E4D873C32CBD093D00B9422A /* UIColor+zx.swift */; };
		E4D873D82CBD093D00B9422A /* DDUtils.swift in Sources */ = {isa = PBXBuildFile; fileRef = E4D873BB2CBD093D00B9422A /* DDUtils.swift */; };
		E4D873D92CBD093D00B9422A /* Data+zx.swift in Sources */ = {isa = PBXBuildFile; fileRef = E4D873C72CBD093D00B9422A /* Data+zx.swift */; };
		E4D873DA2CBD093D00B9422A /* DDUtils+system.swift in Sources */ = {isa = PBXBuildFile; fileRef = E4D873CB2CBD093D00B9422A /* DDUtils+system.swift */; };
		E4D873DB2CBD093D00B9422A /* PermissionConfig.swift in Sources */ = {isa = PBXBuildFile; fileRef = E4D873BF2CBD093D00B9422A /* PermissionConfig.swift */; };
		E4D873DC2CBD093D00B9422A /* DDUtils+file.swift in Sources */ = {isa = PBXBuildFile; fileRef = E4D873C92CBD093D00B9422A /* DDUtils+file.swift */; };
		E4D873DD2CBD093D00B9422A /* DDUtils+idfa.swift in Sources */ = {isa = PBXBuildFile; fileRef = E4D873CF2CBD093D00B9422A /* DDUtils+idfa.swift */; };
		E4D873DE2CBD093D00B9422A /* DDUtils+AppStore.swift in Sources */ = {isa = PBXBuildFile; fileRef = E4D873C12CBD093D00B9422A /* DDUtils+AppStore.swift */; };
		E4D873DF2CBD093D00B9422A /* DDUtils+UI.swift in Sources */ = {isa = PBXBuildFile; fileRef = E4D873C22CBD093D00B9422A /* DDUtils+UI.swift */; };
		E4D873E02CBD093D00B9422A /* DDUtilsNameSpace.swift in Sources */ = {isa = PBXBuildFile; fileRef = E4D873BC2CBD093D00B9422A /* DDUtilsNameSpace.swift */; };
		E4D873E12CBD093D00B9422A /* String+zx.swift in Sources */ = {isa = PBXBuildFile; fileRef = E4D873CC2CBD093D00B9422A /* String+zx.swift */; };
		E4EF66BF24B9E05400EBB408 /* 1594468497552.mp4 in Resources */ = {isa = PBXBuildFile; fileRef = E4EF66BE24B9E05400EBB408 /* 1594468497552.mp4 */; };
		E4FE597524B0603E00352695 /* music.mp3 in Resources */ = {isa = PBXBuildFile; fileRef = E4FE597424B0603E00352695 /* music.mp3 */; };
		E4FE597724B0605300352695 /* click.caf in Resources */ = {isa = PBXBuildFile; fileRef = E4FE597624B0605300352695 /* click.caf */; };
		E4FE597924B0647500352695 /* 空谷.wav in Resources */ = {isa = PBXBuildFile; fileRef = E4FE597824B0647500352695 /* 空谷.wav */; };
/* End PBXBuildFile section */

/* Begin PBXFileReference section */
		E46E086C24AD7A5200843DE2 /* DDUtils.app */ = {isa = PBXFileReference; explicitFileType = wrapper.application; includeInIndex = 0; path = DDUtils.app; sourceTree = BUILT_PRODUCTS_DIR; };
		E46E086F24AD7A5200843DE2 /* AppDelegate.swift */ = {isa = PBXFileReference; lastKnownFileType = sourcecode.swift; path = AppDelegate.swift; sourceTree = "<group>"; };
		E46E087324AD7A5200843DE2 /* ViewController.swift */ = {isa = PBXFileReference; lastKnownFileType = sourcecode.swift; path = ViewController.swift; sourceTree = "<group>"; };
		E46E087624AD7A5200843DE2 /* Base */ = {isa = PBXFileReference; lastKnownFileType = file.storyboard; name = Base; path = Base.lproj/Main.storyboard; sourceTree = "<group>"; };
		E46E087824AD7A5400843DE2 /* Assets.xcassets */ = {isa = PBXFileReference; lastKnownFileType = folder.assetcatalog; path = Assets.xcassets; sourceTree = "<group>"; };
		E46E087B24AD7A5400843DE2 /* Base */ = {isa = PBXFileReference; lastKnownFileType = file.storyboard; name = Base; path = Base.lproj/LaunchScreen.storyboard; sourceTree = "<group>"; };
		E46E087D24AD7A5400843DE2 /* Info.plist */ = {isa = PBXFileReference; lastKnownFileType = text.plist.xml; path = Info.plist; sourceTree = "<group>"; };
		E4D1606626E219940040765D /* TestModel.swift */ = {isa = PBXFileReference; lastKnownFileType = sourcecode.swift; path = TestModel.swift; sourceTree = "<group>"; };
		E4D873BB2CBD093D00B9422A /* DDUtils.swift */ = {isa = PBXFileReference; lastKnownFileType = sourcecode.swift; path = DDUtils.swift; sourceTree = "<group>"; };
		E4D873BC2CBD093D00B9422A /* DDUtilsNameSpace.swift */ = {isa = PBXFileReference; lastKnownFileType = sourcecode.swift; path = DDUtilsNameSpace.swift; sourceTree = "<group>"; };
		E4D873BE2CBD093D00B9422A /* DDUtils+permission.swift */ = {isa = PBXFileReference; lastKnownFileType = sourcecode.swift; path = "DDUtils+permission.swift"; sourceTree = "<group>"; };
		E4D873BF2CBD093D00B9422A /* PermissionConfig.swift */ = {isa = PBXFileReference; lastKnownFileType = sourcecode.swift; path = PermissionConfig.swift; sourceTree = "<group>"; };
		E4D873C12CBD093D00B9422A /* DDUtils+AppStore.swift */ = {isa = PBXFileReference; lastKnownFileType = sourcecode.swift; path = "DDUtils+AppStore.swift"; sourceTree = "<group>"; };
		E4D873C22CBD093D00B9422A /* DDUtils+UI.swift */ = {isa = PBXFileReference; lastKnownFileType = sourcecode.swift; path = "DDUtils+UI.swift"; sourceTree = "<group>"; };
		E4D873C32CBD093D00B9422A /* UIColor+zx.swift */ = {isa = PBXFileReference; lastKnownFileType = sourcecode.swift; path = "UIColor+zx.swift"; sourceTree = "<group>"; };
		E4D873C42CBD093D00B9422A /* UIImage+zx.swift */ = {isa = PBXFileReference; lastKnownFileType = sourcecode.swift; path = "UIImage+zx.swift"; sourceTree = "<group>"; };
		E4D873C52CBD093D00B9422A /* UIView+zx.swift */ = {isa = PBXFileReference; lastKnownFileType = sourcecode.swift; path = "UIView+zx.swift"; sourceTree = "<group>"; };
		E4D873C72CBD093D00B9422A /* Data+zx.swift */ = {isa = PBXFileReference; lastKnownFileType = sourcecode.swift; path = "Data+zx.swift"; sourceTree = "<group>"; };
		E4D873C82CBD093D00B9422A /* Date+zx.swift */ = {isa = PBXFileReference; lastKnownFileType = sourcecode.swift; path = "Date+zx.swift"; sourceTree = "<group>"; };
		E4D873C92CBD093D00B9422A /* DDUtils+file.swift */ = {isa = PBXFileReference; lastKnownFileType = sourcecode.swift; path = "DDUtils+file.swift"; sourceTree = "<group>"; };
		E4D873CA2CBD093D00B9422A /* DDUtils+media.swift */ = {isa = PBXFileReference; lastKnownFileType = sourcecode.swift; path = "DDUtils+media.swift"; sourceTree = "<group>"; };
		E4D873CB2CBD093D00B9422A /* DDUtils+system.swift */ = {isa = PBXFileReference; lastKnownFileType = sourcecode.swift; path = "DDUtils+system.swift"; sourceTree = "<group>"; };
		E4D873CC2CBD093D00B9422A /* String+zx.swift */ = {isa = PBXFileReference; lastKnownFileType = sourcecode.swift; path = "String+zx.swift"; sourceTree = "<group>"; };
		E4D873CF2CBD093D00B9422A /* DDUtils+idfa.swift */ = {isa = PBXFileReference; lastKnownFileType = sourcecode.swift; path = "DDUtils+idfa.swift"; sourceTree = "<group>"; };
		E4EF66BE24B9E05400EBB408 /* 1594468497552.mp4 */ = {isa = PBXFileReference; lastKnownFileType = file; path = 1594468497552.mp4; sourceTree = "<group>"; };
		E4FE597424B0603E00352695 /* music.mp3 */ = {isa = PBXFileReference; lastKnownFileType = audio.mp3; path = music.mp3; sourceTree = "<group>"; };
		E4FE597624B0605300352695 /* click.caf */ = {isa = PBXFileReference; lastKnownFileType = file; path = click.caf; sourceTree = "<group>"; };
		E4FE597824B0647500352695 /* 空谷.wav */ = {isa = PBXFileReference; lastKnownFileType = audio.wav; path = "空谷.wav"; sourceTree = "<group>"; };
/* End PBXFileReference section */

/* Begin PBXFrameworksBuildPhase section */
		E46E086924AD7A5200843DE2 /* Frameworks */ = {
			isa = PBXFrameworksBuildPhase;
			buildActionMask = 2147483647;
			files = (
			);
			runOnlyForDeploymentPostprocessing = 0;
		};
/* End PBXFrameworksBuildPhase section */

/* Begin PBXGroup section */
		E46E086324AD7A5200843DE2 = {
			isa = PBXGroup;
			children = (
				E46E086E24AD7A5200843DE2 /* DDUtils */,
				E46E086D24AD7A5200843DE2 /* Products */,
			);
			sourceTree = "<group>";
		};
		E46E086D24AD7A5200843DE2 /* Products */ = {
			isa = PBXGroup;
			children = (
				E46E086C24AD7A5200843DE2 /* DDUtils.app */,
			);
			name = Products;
			sourceTree = "<group>";
		};
		E46E086E24AD7A5200843DE2 /* DDUtils */ = {
			isa = PBXGroup;
			children = (
				E4D873D12CBD093D00B9422A /* Sources */,
				E46E086F24AD7A5200843DE2 /* AppDelegate.swift */,
				E46E087324AD7A5200843DE2 /* ViewController.swift */,
				E4D1606626E219940040765D /* TestModel.swift */,
				E4FE597424B0603E00352695 /* music.mp3 */,
				E4EF66BE24B9E05400EBB408 /* 1594468497552.mp4 */,
				E4FE597824B0647500352695 /* 空谷.wav */,
				E4FE597624B0605300352695 /* click.caf */,
				E46E087524AD7A5200843DE2 /* Main.storyboard */,
				E46E087824AD7A5400843DE2 /* Assets.xcassets */,
				E46E087A24AD7A5400843DE2 /* LaunchScreen.storyboard */,
				E46E087D24AD7A5400843DE2 /* Info.plist */,
			);
			path = DDUtils;
			sourceTree = "<group>";
		};
		E4D873BD2CBD093D00B9422A /* core */ = {
			isa = PBXGroup;
			children = (
				E4D873BB2CBD093D00B9422A /* DDUtils.swift */,
				E4D873BC2CBD093D00B9422A /* DDUtilsNameSpace.swift */,
			);
			path = core;
			sourceTree = "<group>";
		};
		E4D873C02CBD093D00B9422A /* permission */ = {
			isa = PBXGroup;
			children = (
				E4D873BE2CBD093D00B9422A /* DDUtils+permission.swift */,
				E4D873BF2CBD093D00B9422A /* PermissionConfig.swift */,
			);
			path = permission;
			sourceTree = "<group>";
		};
		E4D873C62CBD093D00B9422A /* ui */ = {
			isa = PBXGroup;
			children = (
				E4D873C12CBD093D00B9422A /* DDUtils+AppStore.swift */,
				E4D873C22CBD093D00B9422A /* DDUtils+UI.swift */,
				E4D873C32CBD093D00B9422A /* UIColor+zx.swift */,
				E4D873C42CBD093D00B9422A /* UIImage+zx.swift */,
				E4D873C52CBD093D00B9422A /* UIView+zx.swift */,
			);
			path = ui;
			sourceTree = "<group>";
		};
		E4D873CD2CBD093D00B9422A /* utils */ = {
			isa = PBXGroup;
			children = (
				E4D873C72CBD093D00B9422A /* Data+zx.swift */,
				E4D873C82CBD093D00B9422A /* Date+zx.swift */,
				E4D873C92CBD093D00B9422A /* DDUtils+file.swift */,
				E4D873CA2CBD093D00B9422A /* DDUtils+media.swift */,
				E4D873CB2CBD093D00B9422A /* DDUtils+system.swift */,
				E4D873CC2CBD093D00B9422A /* String+zx.swift */,
			);
			path = utils;
			sourceTree = "<group>";
		};
		E4D873CE2CBD093D00B9422A /* core */ = {
			isa = PBXGroup;
			children = (
				E4D873BD2CBD093D00B9422A /* core */,
				E4D873C02CBD093D00B9422A /* permission */,
				E4D873C62CBD093D00B9422A /* ui */,
				E4D873CD2CBD093D00B9422A /* utils */,
			);
			path = core;
			sourceTree = "<group>";
		};
		E4D873D02CBD093D00B9422A /* idfa */ = {
			isa = PBXGroup;
			children = (
				E4D873CF2CBD093D00B9422A /* DDUtils+idfa.swift */,
			);
			path = idfa;
			sourceTree = "<group>";
		};
		E4D873D12CBD093D00B9422A /* Sources */ = {
			isa = PBXGroup;
			children = (
				E4D873CE2CBD093D00B9422A /* core */,
				E4D873D02CBD093D00B9422A /* idfa */,
			);
			name = Sources;
			path = ../Sources;
			sourceTree = SOURCE_ROOT;
		};
/* End PBXGroup section */

/* Begin PBXNativeTarget section */
		E46E086B24AD7A5200843DE2 /* DDUtils */ = {
			isa = PBXNativeTarget;
			buildConfigurationList = E46E088024AD7A5400843DE2 /* Build configuration list for PBXNativeTarget "DDUtils" */;
			buildPhases = (
				E46E086824AD7A5200843DE2 /* Sources */,
				E46E086924AD7A5200843DE2 /* Frameworks */,
				E46E086A24AD7A5200843DE2 /* Resources */,
			);
			buildRules = (
			);
			dependencies = (
			);
			name = DDUtils;
			productName = HDSwiftCommonTools;
			productReference = E46E086C24AD7A5200843DE2 /* DDUtils.app */;
			productType = "com.apple.product-type.application";
		};
/* End PBXNativeTarget section */

/* Begin PBXProject section */
		E46E086424AD7A5200843DE2 /* Project object */ = {
			isa = PBXProject;
			attributes = {
				LastSwiftUpdateCheck = 1150;
				LastUpgradeCheck = 1150;
				ORGANIZATIONNAME = Damon;
				TargetAttributes = {
					E46E086B24AD7A5200843DE2 = {
						CreatedOnToolsVersion = 11.5;
					};
				};
			};
			buildConfigurationList = E46E086724AD7A5200843DE2 /* Build configuration list for PBXProject "DDUtils" */;
			compatibilityVersion = "Xcode 9.3";
			developmentRegion = en;
			hasScannedForEncodings = 0;
			knownRegions = (
				en,
				Base,
			);
			mainGroup = E46E086324AD7A5200843DE2;
			productRefGroup = E46E086D24AD7A5200843DE2 /* Products */;
			projectDirPath = "";
			projectRoot = "";
			targets = (
				E46E086B24AD7A5200843DE2 /* DDUtils */,
			);
		};
/* End PBXProject section */

/* Begin PBXResourcesBuildPhase section */
		E46E086A24AD7A5200843DE2 /* Resources */ = {
			isa = PBXResourcesBuildPhase;
			buildActionMask = 2147483647;
			files = (
				E4FE597524B0603E00352695 /* music.mp3 in Resources */,
				E4FE597924B0647500352695 /* 空谷.wav in Resources */,
				E46E087C24AD7A5400843DE2 /* LaunchScreen.storyboard in Resources */,
				E46E087924AD7A5400843DE2 /* Assets.xcassets in Resources */,
				E46E087724AD7A5200843DE2 /* Main.storyboard in Resources */,
				E4EF66BF24B9E05400EBB408 /* 1594468497552.mp4 in Resources */,
				E4FE597724B0605300352695 /* click.caf in Resources */,
			);
			runOnlyForDeploymentPostprocessing = 0;
		};
/* End PBXResourcesBuildPhase section */

/* Begin PBXSourcesBuildPhase section */
		E46E086824AD7A5200843DE2 /* Sources */ = {
			isa = PBXSourcesBuildPhase;
			buildActionMask = 2147483647;
			files = (
				E46E087424AD7A5200843DE2 /* ViewController.swift in Sources */,
				E46E087024AD7A5200843DE2 /* AppDelegate.swift in Sources */,
				E4D873D22CBD093D00B9422A /* UIView+zx.swift in Sources */,
				E4D873D32CBD093D00B9422A /* UIImage+zx.swift in Sources */,
				E4D873D42CBD093D00B9422A /* Date+zx.swift in Sources */,
				E4D873D52CBD093D00B9422A /* DDUtils+permission.swift in Sources */,
				E4D873D62CBD093D00B9422A /* DDUtils+media.swift in Sources */,
				E4D873D72CBD093D00B9422A /* UIColor+zx.swift in Sources */,
				E4D873D82CBD093D00B9422A /* DDUtils.swift in Sources */,
				E4D873D92CBD093D00B9422A /* Data+zx.swift in Sources */,
				E4D873DA2CBD093D00B9422A /* DDUtils+system.swift in Sources */,
				E4D873DB2CBD093D00B9422A /* PermissionConfig.swift in Sources */,
				E4D873DC2CBD093D00B9422A /* DDUtils+file.swift in Sources */,
				E4D873DD2CBD093D00B9422A /* DDUtils+idfa.swift in Sources */,
				E4D873DE2CBD093D00B9422A /* DDUtils+AppStore.swift in Sources */,
				E4D873DF2CBD093D00B9422A /* DDUtils+UI.swift in Sources */,
				E4D873E02CBD093D00B9422A /* DDUtilsNameSpace.swift in Sources */,
				E4D873E12CBD093D00B9422A /* String+zx.swift in Sources */,
				E4D1606726E219940040765D /* TestModel.swift in Sources */,
			);
			runOnlyForDeploymentPostprocessing = 0;
		};
/* End PBXSourcesBuildPhase section */

/* Begin PBXVariantGroup section */
		E46E087524AD7A5200843DE2 /* Main.storyboard */ = {
			isa = PBXVariantGroup;
			children = (
				E46E087624AD7A5200843DE2 /* Base */,
			);
			name = Main.storyboard;
			sourceTree = "<group>";
		};
		E46E087A24AD7A5400843DE2 /* LaunchScreen.storyboard */ = {
			isa = PBXVariantGroup;
			children = (
				E46E087B24AD7A5400843DE2 /* Base */,
			);
			name = LaunchScreen.storyboard;
			sourceTree = "<group>";
		};
/* End PBXVariantGroup section */

/* Begin XCBuildConfiguration section */
		E46E087E24AD7A5400843DE2 /* Debug */ = {
			isa = XCBuildConfiguration;
			buildSettings = {
				ALWAYS_SEARCH_USER_PATHS = NO;
				CLANG_ANALYZER_NONNULL = YES;
				CLANG_ANALYZER_NUMBER_OBJECT_CONVERSION = YES_AGGRESSIVE;
				CLANG_CXX_LANGUAGE_STANDARD = "gnu++14";
				CLANG_CXX_LIBRARY = "libc++";
				CLANG_ENABLE_MODULES = YES;
				CLANG_ENABLE_OBJC_ARC = YES;
				CLANG_ENABLE_OBJC_WEAK = YES;
				CLANG_WARN_BLOCK_CAPTURE_AUTORELEASING = YES;
				CLANG_WARN_BOOL_CONVERSION = YES;
				CLANG_WARN_COMMA = YES;
				CLANG_WARN_CONSTANT_CONVERSION = YES;
				CLANG_WARN_DEPRECATED_OBJC_IMPLEMENTATIONS = YES;
				CLANG_WARN_DIRECT_OBJC_ISA_USAGE = YES_ERROR;
				CLANG_WARN_DOCUMENTATION_COMMENTS = YES;
				CLANG_WARN_EMPTY_BODY = YES;
				CLANG_WARN_ENUM_CONVERSION = YES;
				CLANG_WARN_INFINITE_RECURSION = YES;
				CLANG_WARN_INT_CONVERSION = YES;
				CLANG_WARN_NON_LITERAL_NULL_CONVERSION = YES;
				CLANG_WARN_OBJC_IMPLICIT_RETAIN_SELF = YES;
				CLANG_WARN_OBJC_LITERAL_CONVERSION = YES;
				CLANG_WARN_OBJC_ROOT_CLASS = YES_ERROR;
				CLANG_WARN_RANGE_LOOP_ANALYSIS = YES;
				CLANG_WARN_STRICT_PROTOTYPES = YES;
				CLANG_WARN_SUSPICIOUS_MOVE = YES;
				CLANG_WARN_UNGUARDED_AVAILABILITY = YES_AGGRESSIVE;
				CLANG_WARN_UNREACHABLE_CODE = YES;
				CLANG_WARN__DUPLICATE_METHOD_MATCH = YES;
				COPY_PHASE_STRIP = NO;
				DEBUG_INFORMATION_FORMAT = dwarf;
				ENABLE_STRICT_OBJC_MSGSEND = YES;
				ENABLE_TESTABILITY = YES;
				GCC_C_LANGUAGE_STANDARD = gnu11;
				GCC_DYNAMIC_NO_PIC = NO;
				GCC_NO_COMMON_BLOCKS = YES;
				GCC_OPTIMIZATION_LEVEL = 0;
				GCC_PREPROCESSOR_DEFINITIONS = (
					"DEBUG=1",
					"$(inherited)",
				);
				GCC_WARN_64_TO_32_BIT_CONVERSION = YES;
				GCC_WARN_ABOUT_RETURN_TYPE = YES_ERROR;
				GCC_WARN_UNDECLARED_SELECTOR = YES;
				GCC_WARN_UNINITIALIZED_AUTOS = YES_AGGRESSIVE;
				GCC_WARN_UNUSED_FUNCTION = YES;
				GCC_WARN_UNUSED_VARIABLE = YES;
				IPHONEOS_DEPLOYMENT_TARGET = 10.0;
				MTL_ENABLE_DEBUG_INFO = INCLUDE_SOURCE;
				MTL_FAST_MATH = YES;
				ONLY_ACTIVE_ARCH = YES;
				SDKROOT = iphoneos;
				SWIFT_ACTIVE_COMPILATION_CONDITIONS = DEBUG;
				SWIFT_OPTIMIZATION_LEVEL = "-Onone";
			};
			name = Debug;
		};
		E46E087F24AD7A5400843DE2 /* Release */ = {
			isa = XCBuildConfiguration;
			buildSettings = {
				ALWAYS_SEARCH_USER_PATHS = NO;
				CLANG_ANALYZER_NONNULL = YES;
				CLANG_ANALYZER_NUMBER_OBJECT_CONVERSION = YES_AGGRESSIVE;
				CLANG_CXX_LANGUAGE_STANDARD = "gnu++14";
				CLANG_CXX_LIBRARY = "libc++";
				CLANG_ENABLE_MODULES = YES;
				CLANG_ENABLE_OBJC_ARC = YES;
				CLANG_ENABLE_OBJC_WEAK = YES;
				CLANG_WARN_BLOCK_CAPTURE_AUTORELEASING = YES;
				CLANG_WARN_BOOL_CONVERSION = YES;
				CLANG_WARN_COMMA = YES;
				CLANG_WARN_CONSTANT_CONVERSION = YES;
				CLANG_WARN_DEPRECATED_OBJC_IMPLEMENTATIONS = YES;
				CLANG_WARN_DIRECT_OBJC_ISA_USAGE = YES_ERROR;
				CLANG_WARN_DOCUMENTATION_COMMENTS = YES;
				CLANG_WARN_EMPTY_BODY = YES;
				CLANG_WARN_ENUM_CONVERSION = YES;
				CLANG_WARN_INFINITE_RECURSION = YES;
				CLANG_WARN_INT_CONVERSION = YES;
				CLANG_WARN_NON_LITERAL_NULL_CONVERSION = YES;
				CLANG_WARN_OBJC_IMPLICIT_RETAIN_SELF = YES;
				CLANG_WARN_OBJC_LITERAL_CONVERSION = YES;
				CLANG_WARN_OBJC_ROOT_CLASS = YES_ERROR;
				CLANG_WARN_RANGE_LOOP_ANALYSIS = YES;
				CLANG_WARN_STRICT_PROTOTYPES = YES;
				CLANG_WARN_SUSPICIOUS_MOVE = YES;
				CLANG_WARN_UNGUARDED_AVAILABILITY = YES_AGGRESSIVE;
				CLANG_WARN_UNREACHABLE_CODE = YES;
				CLANG_WARN__DUPLICATE_METHOD_MATCH = YES;
				COPY_PHASE_STRIP = NO;
				DEBUG_INFORMATION_FORMAT = "dwarf-with-dsym";
				ENABLE_NS_ASSERTIONS = NO;
				ENABLE_STRICT_OBJC_MSGSEND = YES;
				GCC_C_LANGUAGE_STANDARD = gnu11;
				GCC_NO_COMMON_BLOCKS = YES;
				GCC_WARN_64_TO_32_BIT_CONVERSION = YES;
				GCC_WARN_ABOUT_RETURN_TYPE = YES_ERROR;
				GCC_WARN_UNDECLARED_SELECTOR = YES;
				GCC_WARN_UNINITIALIZED_AUTOS = YES_AGGRESSIVE;
				GCC_WARN_UNUSED_FUNCTION = YES;
				GCC_WARN_UNUSED_VARIABLE = YES;
				IPHONEOS_DEPLOYMENT_TARGET = 10.0;
				MTL_ENABLE_DEBUG_INFO = NO;
				MTL_FAST_MATH = YES;
				SDKROOT = iphoneos;
				SWIFT_COMPILATION_MODE = wholemodule;
				SWIFT_OPTIMIZATION_LEVEL = "-O";
				VALIDATE_PRODUCT = YES;
			};
			name = Release;
		};
		E46E088124AD7A5400843DE2 /* Debug */ = {
			isa = XCBuildConfiguration;
			buildSettings = {
				ASSETCATALOG_COMPILER_APPICON_NAME = AppIcon;
				CODE_SIGN_IDENTITY = "Apple Development";
				CODE_SIGN_STYLE = Automatic;
				DEVELOPMENT_TEAM = 5M4924XW7Y;
				INFOPLIST_FILE = DDUtils/Info.plist;
				IPHONEOS_DEPLOYMENT_TARGET = 12.0;
				LD_RUNPATH_SEARCH_PATHS = (
					"$(inherited)",
					"@executable_path/Frameworks",
				);
				PRODUCT_BUNDLE_IDENTIFIER = com.lazypig.HDCommonToolsSwift;
				PRODUCT_NAME = "$(TARGET_NAME)";
				PROVISIONING_PROFILE_SPECIFIER = "";
				SWIFT_VERSION = 5.0;
				TARGETED_DEVICE_FAMILY = "1,2";
			};
			name = Debug;
		};
		E46E088224AD7A5400843DE2 /* Release */ = {
			isa = XCBuildConfiguration;
			buildSettings = {
				ASSETCATALOG_COMPILER_APPICON_NAME = AppIcon;
				CODE_SIGN_IDENTITY = "Apple Development";
				CODE_SIGN_STYLE = Automatic;
				DEVELOPMENT_TEAM = 5M4924XW7Y;
				INFOPLIST_FILE = DDUtils/Info.plist;
				IPHONEOS_DEPLOYMENT_TARGET = 12.0;
				LD_RUNPATH_SEARCH_PATHS = (
					"$(inherited)",
					"@executable_path/Frameworks",
				);
				PRODUCT_BUNDLE_IDENTIFIER = com.lazypig.HDCommonToolsSwift;
				PRODUCT_NAME = "$(TARGET_NAME)";
				PROVISIONING_PROFILE_SPECIFIER = "";
				SWIFT_VERSION = 5.0;
				TARGETED_DEVICE_FAMILY = "1,2";
			};
			name = Release;
		};
/* End XCBuildConfiguration section */

/* Begin XCConfigurationList section */
		E46E086724AD7A5200843DE2 /* Build configuration list for PBXProject "DDUtils" */ = {
			isa = XCConfigurationList;
			buildConfigurations = (
				E46E087E24AD7A5400843DE2 /* Debug */,
				E46E087F24AD7A5400843DE2 /* Release */,
			);
			defaultConfigurationIsVisible = 0;
			defaultConfigurationName = Release;
		};
		E46E088024AD7A5400843DE2 /* Build configuration list for PBXNativeTarget "DDUtils" */ = {
			isa = XCConfigurationList;
			buildConfigurations = (
				E46E088124AD7A5400843DE2 /* Debug */,
				E46E088224AD7A5400843DE2 /* Release */,
			);
			defaultConfigurationIsVisible = 0;
			defaultConfigurationName = Release;
		};
/* End XCConfigurationList section */
	};
	rootObject = E46E086424AD7A5200843DE2 /* Project object */;
}
